
Microsoft Visual Studio Solution File, Format Version 12.00
# Visual Studio Version 16
VisualStudioVersion = 16.0.30320.27
MinimumVisualStudioVersion = 10.0.40219.1
Project("{9A19103F-16F7-4668-BE54-9A1E7A4F7556}") = "Puns", "Puns\Puns.csproj", "{892ED97D-AD03-4C02-9C28-C7BB08BC7B02}"
EndProject
Project("{9A19103F-16F7-4668-BE54-9A1E7A4F7556}") = "Puns.Blazor", "Puns.Blazor\Puns.Blazor.csproj", "{7DA3B48A-A5A1-4400-AC96-FE3CA83C502C}"
EndProject
Project("{FAE04EC0-301F-11D3-BF4B-00C04F79EFBC}") = "Puns.Test", "Puns.Test\Puns.Test.csproj", "{55169E97-C97F-4013-A26B-55BD1B5DCEB1}"
EndProject
Project("{FAE04EC0-301F-11D3-BF4B-00C04F79EFBC}") = "CMU", "CMU\CMU.csproj", "{75581EC9-84E0-426D-96FF-C143E3B04D82}"
EndProject
Global
	GlobalSection(SolutionConfigurationPlatforms) = preSolution
		Debug|Any CPU = Debug|Any CPU
		Release|Any CPU = Release|Any CPU
	EndGlobalSection
	GlobalSection(ProjectConfigurationPlatforms) = postSolution
		{892ED97D-AD03-4C02-9C28-C7BB08BC7B02}.Debug|Any CPU.ActiveCfg = Debug|Any CPU
		{892ED97D-AD03-4C02-9C28-C7BB08BC7B02}.Debug|Any CPU.Build.0 = Debug|Any CPU
		{892ED97D-AD03-4C02-9C28-C7BB08BC7B02}.Release|Any CPU.ActiveCfg = Release|Any CPU
		{892ED97D-AD03-4C02-9C28-C7BB08BC7B02}.Release|Any CPU.Build.0 = Release|Any CPU
		{7DA3B48A-A5A1-4400-AC96-FE3CA83C502C}.Debug|Any CPU.ActiveCfg = Debug|Any CPU
		{7DA3B48A-A5A1-4400-AC96-FE3CA83C502C}.Debug|Any CPU.Build.0 = Debug|Any CPU
		{7DA3B48A-A5A1-4400-AC96-FE3CA83C502C}.Release|Any CPU.ActiveCfg = Release|Any CPU
		{7DA3B48A-A5A1-4400-AC96-FE3CA83C502C}.Release|Any CPU.Build.0 = Release|Any CPU
		{55169E97-C97F-4013-A26B-55BD1B5DCEB1}.Debug|Any CPU.ActiveCfg = Debug|Any CPU
		{55169E97-C97F-4013-A26B-55BD1B5DCEB1}.Debug|Any CPU.Build.0 = Debug|Any CPU
		{55169E97-C97F-4013-A26B-55BD1B5DCEB1}.Release|Any CPU.ActiveCfg = Release|Any CPU
		{55169E97-C97F-4013-A26B-55BD1B5DCEB1}.Release|Any CPU.Build.0 = Release|Any CPU
		{75581EC9-84E0-426D-96FF-C143E3B04D82}.Debug|Any CPU.ActiveCfg = Debug|Any CPU
		{75581EC9-84E0-426D-96FF-C143E3B04D82}.Debug|Any CPU.Build.0 = Debug|Any CPU
		{75581EC9-84E0-426D-96FF-C143E3B04D82}.Release|Any CPU.ActiveCfg = Release|Any CPU
		{75581EC9-84E0-426D-96FF-C143E3B04D82}.Release|Any CPU.Build.0 = Release|Any CPU
	EndGlobalSection
	GlobalSection(SolutionProperties) = preSolution
		HideSolutionNode = FALSE
	EndGlobalSection
	GlobalSection(ExtensibilityGlobals) = postSolution
		SolutionGuid = {21A1F993-CACA-4A9C-921E-642E665F7158}
	EndGlobalSection
EndGlobal
